
Microsoft Visual Studio Solution File, Format Version 12.00
# Visual Studio Version 17
VisualStudioVersion = 17.11.35222.181
MinimumVisualStudioVersion = 10.0.40219.1
Project("{F184B08F-C81C-45F6-A57F-5ABD9991F28F}") = "webdev2", "webdev2\webdev2.vbproj", "{2AEB4E37-0F63-4BA3-870B-5E3C32C46C62}"
EndProject
Global
	GlobalSection(SolutionConfigurationPlatforms) = preSolution
		Debug|Any CPU = Debug|Any CPU
		Release|Any CPU = Release|Any CPU
	EndGlobalSection
	GlobalSection(ProjectConfigurationPlatforms) = postSolution
		{2AEB4E37-0F63-4BA3-870B-5E3C32C46C62}.Debug|Any CPU.ActiveCfg = Debug|Any CPU
		{2AEB4E37-0F63-4BA3-870B-5E3C32C46C62}.Debug|Any CPU.Build.0 = Debug|Any CPU
		{2AEB4E37-0F63-4BA3-870B-5E3C32C46C62}.Release|Any CPU.ActiveCfg = Release|Any CPU
		{2AEB4E37-0F63-4BA3-870B-5E3C32C46C62}.Release|Any CPU.Build.0 = Release|Any CPU
	EndGlobalSection
	GlobalSection(SolutionProperties) = preSolution
		HideSolutionNode = FALSE
	EndGlobalSection
	GlobalSection(ExtensibilityGlobals) = postSolution
		SolutionGuid = {D0F93726-6654-49D3-9889-BC8C49F60908}
	EndGlobalSection
EndGlobal
